
Microsoft Visual Studio Solution File, Format Version 12.00
# Visual Studio Version 17
VisualStudioVersion = 17.1.32414.318
MinimumVisualStudioVersion = 10.0.40219.1
Project("{8BC9CEB8-8B4A-11D0-8D11-00A0C91BC942}") = "9_linear_list", "9_linear_list\9_linear_list.vcxproj", "{1CC8EEAB-10D1-4029-8DC5-5E0E9138EEFD}"
EndProject
Global
	GlobalSection(SolutionConfigurationPlatforms) = preSolution
		Debug|x64 = Debug|x64
		Debug|x86 = Debug|x86
		Release|x64 = Release|x64
		Release|x86 = Release|x86
	EndGlobalSection
	GlobalSection(ProjectConfigurationPlatforms) = postSolution
		{1CC8EEAB-10D1-4029-8DC5-5E0E9138EEFD}.Debug|x64.ActiveCfg = Debug|x64
		{1CC8EEAB-10D1-4029-8DC5-5E0E9138EEFD}.Debug|x64.Build.0 = Debug|x64
		{1CC8EEAB-10D1-4029-8DC5-5E0E9138EEFD}.Debug|x86.ActiveCfg = Debug|Win32
		{1CC8EEAB-10D1-4029-8DC5-5E0E9138EEFD}.Debug|x86.Build.0 = Debug|Win32
		{1CC8EEAB-10D1-4029-8DC5-5E0E9138EEFD}.Release|x64.ActiveCfg = Release|x64
		{1CC8EEAB-10D1-4029-8DC5-5E0E9138EEFD}.Release|x64.Build.0 = Release|x64
		{1CC8EEAB-10D1-4029-8DC5-5E0E9138EEFD}.Release|x86.ActiveCfg = Release|Win32
		{1CC8EEAB-10D1-4029-8DC5-5E0E9138EEFD}.Release|x86.Build.0 = Release|Win32
	EndGlobalSection
	GlobalSection(SolutionProperties) = preSolution
		HideSolutionNode = FALSE
	EndGlobalSection
	GlobalSection(ExtensibilityGlobals) = postSolution
		SolutionGuid = {0CEC0569-7399-4D41-A05A-FB8C861851B7}
	EndGlobalSection
EndGlobal
